
Microsoft Visual Studio Solution File, Format Version 12.00
# Visual Studio Version 17
VisualStudioVersion = 17.14.36623.8 d17.14
MinimumVisualStudioVersion = 10.0.40219.1
Project("{FAE04EC0-301F-11D3-BF4B-00C04F79EFBC}") = "HCI2_web_api", "HCI2_web_api\HCI2_web_api.csproj", "{316BCE4C-C710-4485-9733-B912381A7F56}"
EndProject
Global
	GlobalSection(SolutionConfigurationPlatforms) = preSolution
		Debug|Any CPU = Debug|Any CPU
		Release|Any CPU = Release|Any CPU
	EndGlobalSection
	GlobalSection(ProjectConfigurationPlatforms) = postSolution
		{316BCE4C-C710-4485-9733-B912381A7F56}.Debug|Any CPU.ActiveCfg = Debug|Any CPU
		{316BCE4C-C710-4485-9733-B912381A7F56}.Debug|Any CPU.Build.0 = Debug|Any CPU
		{316BCE4C-C710-4485-9733-B912381A7F56}.Release|Any CPU.ActiveCfg = Release|Any CPU
		{316BCE4C-C710-4485-9733-B912381A7F56}.Release|Any CPU.Build.0 = Release|Any CPU
	EndGlobalSection
	GlobalSection(SolutionProperties) = preSolution
		HideSolutionNode = FALSE
	EndGlobalSection
	GlobalSection(ExtensibilityGlobals) = postSolution
		SolutionGuid = {4C17FE5D-68DF-40C6-BB59-2AA2C6749CA4}
	EndGlobalSection
EndGlobal
